// !$*UTF8*$!
{
	archiveVersion = 1;
	classes = {
	};
	objectVersion = 50;
	objects = {

/* Begin PBXBuildFile section */
		41A15CD12475FF3700C1C2D1 /* HomePresenter.swift in Sources */ = {isa = PBXBuildFile; fileRef = 41A15CCA2475FF3700C1C2D1 /* HomePresenter.swift */; };
		41A15CD22475FF3700C1C2D1 /* HomeWorker.swift in Sources */ = {isa = PBXBuildFile; fileRef = 41A15CCB2475FF3700C1C2D1 /* HomeWorker.swift */; };
		41A15CD32475FF3700C1C2D1 /* HomeUseCases.swift in Sources */ = {isa = PBXBuildFile; fileRef = 41A15CCC2475FF3700C1C2D1 /* HomeUseCases.swift */; };
		41A15CD42475FF3700C1C2D1 /* HomeRouter.swift in Sources */ = {isa = PBXBuildFile; fileRef = 41A15CCD2475FF3700C1C2D1 /* HomeRouter.swift */; };
		41A15CD52475FF3700C1C2D1 /* HomeViewController.swift in Sources */ = {isa = PBXBuildFile; fileRef = 41A15CCE2475FF3700C1C2D1 /* HomeViewController.swift */; };
		41A15CD62475FF3700C1C2D1 /* HomeInteractor.swift in Sources */ = {isa = PBXBuildFile; fileRef = 41A15CCF2475FF3700C1C2D1 /* HomeInteractor.swift */; };
		41A15CD72475FF3700C1C2D1 /* HomeViewController.xib in Resources */ = {isa = PBXBuildFile; fileRef = 41A15CD02475FF3700C1C2D1 /* HomeViewController.xib */; };
		41A15CDE2476026E00C1C2D1 /* Response.swift in Sources */ = {isa = PBXBuildFile; fileRef = 41A15CDD2476026E00C1C2D1 /* Response.swift */; };
		41A15CE0247602AD00C1C2D1 /* Store.swift in Sources */ = {isa = PBXBuildFile; fileRef = 41A15CDF247602AD00C1C2D1 /* Store.swift */; };
		41A15CE22476068C00C1C2D1 /* HomeViewController+TableView.swift in Sources */ = {isa = PBXBuildFile; fileRef = 41A15CE12476068C00C1C2D1 /* HomeViewController+TableView.swift */; };
		41A15CE8247607BF00C1C2D1 /* StoreCell.swift in Sources */ = {isa = PBXBuildFile; fileRef = 41A15CE6247607BF00C1C2D1 /* StoreCell.swift */; };
		41A15CE9247607BF00C1C2D1 /* StoreCell.xib in Resources */ = {isa = PBXBuildFile; fileRef = 41A15CE7247607BF00C1C2D1 /* StoreCell.xib */; };
		41A15CEB24760C8A00C1C2D1 /* NetworkManager.swift in Sources */ = {isa = PBXBuildFile; fileRef = 41A15CEA24760C8A00C1C2D1 /* NetworkManager.swift */; };
		41A15CEE24760DED00C1C2D1 /* Spinner.swift in Sources */ = {isa = PBXBuildFile; fileRef = 41A15CED24760DED00C1C2D1 /* Spinner.swift */; };
		41A15CF824761C9D00C1C2D1 /* DetailStorePresenter.swift in Sources */ = {isa = PBXBuildFile; fileRef = 41A15CF124761C9D00C1C2D1 /* DetailStorePresenter.swift */; };
		41A15CF924761C9D00C1C2D1 /* DetailStoreWorker.swift in Sources */ = {isa = PBXBuildFile; fileRef = 41A15CF224761C9D00C1C2D1 /* DetailStoreWorker.swift */; };
		41A15CFA24761C9D00C1C2D1 /* DetailStoreUseCases.swift in Sources */ = {isa = PBXBuildFile; fileRef = 41A15CF324761C9D00C1C2D1 /* DetailStoreUseCases.swift */; };
		41A15CFB24761C9D00C1C2D1 /* DetailStoreRouter.swift in Sources */ = {isa = PBXBuildFile; fileRef = 41A15CF424761C9D00C1C2D1 /* DetailStoreRouter.swift */; };
		41A15CFC24761C9D00C1C2D1 /* DetailStoreViewController.swift in Sources */ = {isa = PBXBuildFile; fileRef = 41A15CF524761C9D00C1C2D1 /* DetailStoreViewController.swift */; };
		41A15CFD24761C9D00C1C2D1 /* DetailStoreInteractor.swift in Sources */ = {isa = PBXBuildFile; fileRef = 41A15CF624761C9D00C1C2D1 /* DetailStoreInteractor.swift */; };
		41A15CFE24761C9D00C1C2D1 /* DetailStoreViewController.xib in Resources */ = {isa = PBXBuildFile; fileRef = 41A15CF724761C9D00C1C2D1 /* DetailStoreViewController.xib */; };
		41C62A232475FA8B00E87EBD /* AppDelegate.swift in Sources */ = {isa = PBXBuildFile; fileRef = 41C62A222475FA8B00E87EBD /* AppDelegate.swift */; };
		41C62A252475FA8B00E87EBD /* SceneDelegate.swift in Sources */ = {isa = PBXBuildFile; fileRef = 41C62A242475FA8B00E87EBD /* SceneDelegate.swift */; };
		41C62A2C2475FA8C00E87EBD /* Assets.xcassets in Resources */ = {isa = PBXBuildFile; fileRef = 41C62A2B2475FA8C00E87EBD /* Assets.xcassets */; };
		41C62A2F2475FA8C00E87EBD /* LaunchScreen.storyboard in Resources */ = {isa = PBXBuildFile; fileRef = 41C62A2D2475FA8C00E87EBD /* LaunchScreen.storyboard */; };
		41C62A3A2475FA8C00E87EBD /* Walmart_storesTests.swift in Sources */ = {isa = PBXBuildFile; fileRef = 41C62A392475FA8C00E87EBD /* Walmart_storesTests.swift */; };
/* End PBXBuildFile section */

/* Begin PBXContainerItemProxy section */
		41C62A362475FA8C00E87EBD /* PBXContainerItemProxy */ = {
			isa = PBXContainerItemProxy;
			containerPortal = 41C62A172475FA8B00E87EBD /* Project object */;
			proxyType = 1;
			remoteGlobalIDString = 41C62A1E2475FA8B00E87EBD;
			remoteInfo = "Walmart-stores";
		};
/* End PBXContainerItemProxy section */

/* Begin PBXFileReference section */
		41A15CCA2475FF3700C1C2D1 /* HomePresenter.swift */ = {isa = PBXFileReference; lastKnownFileType = sourcecode.swift; path = HomePresenter.swift; sourceTree = "<group>"; };
		41A15CCB2475FF3700C1C2D1 /* HomeWorker.swift */ = {isa = PBXFileReference; lastKnownFileType = sourcecode.swift; path = HomeWorker.swift; sourceTree = "<group>"; };
		41A15CCC2475FF3700C1C2D1 /* HomeUseCases.swift */ = {isa = PBXFileReference; lastKnownFileType = sourcecode.swift; path = HomeUseCases.swift; sourceTree = "<group>"; };
		41A15CCD2475FF3700C1C2D1 /* HomeRouter.swift */ = {isa = PBXFileReference; lastKnownFileType = sourcecode.swift; path = HomeRouter.swift; sourceTree = "<group>"; };
		41A15CCE2475FF3700C1C2D1 /* HomeViewController.swift */ = {isa = PBXFileReference; lastKnownFileType = sourcecode.swift; path = HomeViewController.swift; sourceTree = "<group>"; };
		41A15CCF2475FF3700C1C2D1 /* HomeInteractor.swift */ = {isa = PBXFileReference; lastKnownFileType = sourcecode.swift; path = HomeInteractor.swift; sourceTree = "<group>"; };
		41A15CD02475FF3700C1C2D1 /* HomeViewController.xib */ = {isa = PBXFileReference; lastKnownFileType = file.xib; path = HomeViewController.xib; sourceTree = "<group>"; };
		41A15CDD2476026E00C1C2D1 /* Response.swift */ = {isa = PBXFileReference; lastKnownFileType = sourcecode.swift; path = Response.swift; sourceTree = "<group>"; };
		41A15CDF247602AD00C1C2D1 /* Store.swift */ = {isa = PBXFileReference; lastKnownFileType = sourcecode.swift; path = Store.swift; sourceTree = "<group>"; };
		41A15CE12476068C00C1C2D1 /* HomeViewController+TableView.swift */ = {isa = PBXFileReference; lastKnownFileType = sourcecode.swift; path = "HomeViewController+TableView.swift"; sourceTree = "<group>"; };
		41A15CE6247607BF00C1C2D1 /* StoreCell.swift */ = {isa = PBXFileReference; lastKnownFileType = sourcecode.swift; path = StoreCell.swift; sourceTree = "<group>"; };
		41A15CE7247607BF00C1C2D1 /* StoreCell.xib */ = {isa = PBXFileReference; lastKnownFileType = file.xib; path = StoreCell.xib; sourceTree = "<group>"; };
		41A15CEA24760C8A00C1C2D1 /* NetworkManager.swift */ = {isa = PBXFileReference; lastKnownFileType = sourcecode.swift; path = NetworkManager.swift; sourceTree = "<group>"; };
		41A15CED24760DED00C1C2D1 /* Spinner.swift */ = {isa = PBXFileReference; lastKnownFileType = sourcecode.swift; path = Spinner.swift; sourceTree = "<group>"; };
		41A15CF124761C9D00C1C2D1 /* DetailStorePresenter.swift */ = {isa = PBXFileReference; lastKnownFileType = sourcecode.swift; path = DetailStorePresenter.swift; sourceTree = "<group>"; };
		41A15CF224761C9D00C1C2D1 /* DetailStoreWorker.swift */ = {isa = PBXFileReference; lastKnownFileType = sourcecode.swift; path = DetailStoreWorker.swift; sourceTree = "<group>"; };
		41A15CF324761C9D00C1C2D1 /* DetailStoreUseCases.swift */ = {isa = PBXFileReference; lastKnownFileType = sourcecode.swift; path = DetailStoreUseCases.swift; sourceTree = "<group>"; };
		41A15CF424761C9D00C1C2D1 /* DetailStoreRouter.swift */ = {isa = PBXFileReference; lastKnownFileType = sourcecode.swift; path = DetailStoreRouter.swift; sourceTree = "<group>"; };
		41A15CF524761C9D00C1C2D1 /* DetailStoreViewController.swift */ = {isa = PBXFileReference; lastKnownFileType = sourcecode.swift; path = DetailStoreViewController.swift; sourceTree = "<group>"; };
		41A15CF624761C9D00C1C2D1 /* DetailStoreInteractor.swift */ = {isa = PBXFileReference; lastKnownFileType = sourcecode.swift; path = DetailStoreInteractor.swift; sourceTree = "<group>"; };
		41A15CF724761C9D00C1C2D1 /* DetailStoreViewController.xib */ = {isa = PBXFileReference; lastKnownFileType = file.xib; path = DetailStoreViewController.xib; sourceTree = "<group>"; };
		41C62A1F2475FA8B00E87EBD /* Walmart-stores.app */ = {isa = PBXFileReference; explicitFileType = wrapper.application; includeInIndex = 0; path = "Walmart-stores.app"; sourceTree = BUILT_PRODUCTS_DIR; };
		41C62A222475FA8B00E87EBD /* AppDelegate.swift */ = {isa = PBXFileReference; lastKnownFileType = sourcecode.swift; path = AppDelegate.swift; sourceTree = "<group>"; };
		41C62A242475FA8B00E87EBD /* SceneDelegate.swift */ = {isa = PBXFileReference; lastKnownFileType = sourcecode.swift; path = SceneDelegate.swift; sourceTree = "<group>"; };
		41C62A2B2475FA8C00E87EBD /* Assets.xcassets */ = {isa = PBXFileReference; lastKnownFileType = folder.assetcatalog; path = Assets.xcassets; sourceTree = "<group>"; };
		41C62A2E2475FA8C00E87EBD /* Base */ = {isa = PBXFileReference; lastKnownFileType = file.storyboard; name = Base; path = Base.lproj/LaunchScreen.storyboard; sourceTree = "<group>"; };
		41C62A302475FA8C00E87EBD /* Info.plist */ = {isa = PBXFileReference; lastKnownFileType = text.plist.xml; path = Info.plist; sourceTree = "<group>"; };
		41C62A352475FA8C00E87EBD /* Walmart-storesTests.xctest */ = {isa = PBXFileReference; explicitFileType = wrapper.cfbundle; includeInIndex = 0; path = "Walmart-storesTests.xctest"; sourceTree = BUILT_PRODUCTS_DIR; };
		41C62A392475FA8C00E87EBD /* Walmart_storesTests.swift */ = {isa = PBXFileReference; lastKnownFileType = sourcecode.swift; path = Walmart_storesTests.swift; sourceTree = "<group>"; };
		41C62A3B2475FA8C00E87EBD /* Info.plist */ = {isa = PBXFileReference; lastKnownFileType = text.plist.xml; path = Info.plist; sourceTree = "<group>"; };
/* End PBXFileReference section */

/* Begin PBXFrameworksBuildPhase section */
		41C62A1C2475FA8B00E87EBD /* Frameworks */ = {
			isa = PBXFrameworksBuildPhase;
			buildActionMask = 2147483647;
			files = (
			);
			runOnlyForDeploymentPostprocessing = 0;
		};
		41C62A322475FA8C00E87EBD /* Frameworks */ = {
			isa = PBXFrameworksBuildPhase;
			buildActionMask = 2147483647;
			files = (
			);
			runOnlyForDeploymentPostprocessing = 0;
		};
/* End PBXFrameworksBuildPhase section */

/* Begin PBXGroup section */
		41A15CC82475FEEB00C1C2D1 /* Scenes */ = {
			isa = PBXGroup;
			children = (
				41A15CF024761C4700C1C2D1 /* Detail */,
				41A15CEF24761C3A00C1C2D1 /* Home */,
			);
			path = Scenes;
			sourceTree = "<group>";
		};
		41A15CC92475FEF500C1C2D1 /* Common */ = {
			isa = PBXGroup;
			children = (
				41A15CEC24760DCC00C1C2D1 /* Views */,
			);
			path = Common;
			sourceTree = "<group>";
		};
		41A15CD82475FF4500C1C2D1 /* Data */ = {
			isa = PBXGroup;
			children = (
				41A15CDB2476023800C1C2D1 /* Worker */,
				41A15CDC2476024100C1C2D1 /* Entities */,
				41A15CEA24760C8A00C1C2D1 /* NetworkManager.swift */,
			);
			path = Data;
			sourceTree = "<group>";
		};
		41A15CD92475FF4B00C1C2D1 /* Domain */ = {
			isa = PBXGroup;
			children = (
				41A15CCA2475FF3700C1C2D1 /* HomePresenter.swift */,
				41A15CCC2475FF3700C1C2D1 /* HomeUseCases.swift */,
				41A15CCF2475FF3700C1C2D1 /* HomeInteractor.swift */,
			);
			path = Domain;
			sourceTree = "<group>";
		};
		41A15CDA2475FF5000C1C2D1 /* Presentation */ = {
			isa = PBXGroup;
			children = (
				41A15CE32476074A00C1C2D1 /* Cells */,
				41A15CCD2475FF3700C1C2D1 /* HomeRouter.swift */,
				41A15CCE2475FF3700C1C2D1 /* HomeViewController.swift */,
				41A15CE12476068C00C1C2D1 /* HomeViewController+TableView.swift */,
				41A15CD02475FF3700C1C2D1 /* HomeViewController.xib */,
			);
			path = Presentation;
			sourceTree = "<group>";
		};
		41A15CDB2476023800C1C2D1 /* Worker */ = {
			isa = PBXGroup;
			children = (
				41A15CCB2475FF3700C1C2D1 /* HomeWorker.swift */,
			);
			path = Worker;
			sourceTree = "<group>";
		};
		41A15CDC2476024100C1C2D1 /* Entities */ = {
			isa = PBXGroup;
			children = (
				41A15CDD2476026E00C1C2D1 /* Response.swift */,
				41A15CDF247602AD00C1C2D1 /* Store.swift */,
			);
			path = Entities;
			sourceTree = "<group>";
		};
		41A15CE32476074A00C1C2D1 /* Cells */ = {
			isa = PBXGroup;
			children = (
				41A15CE6247607BF00C1C2D1 /* StoreCell.swift */,
				41A15CE7247607BF00C1C2D1 /* StoreCell.xib */,
			);
			path = Cells;
			sourceTree = "<group>";
		};
		41A15CEC24760DCC00C1C2D1 /* Views */ = {
			isa = PBXGroup;
			children = (
				41A15CED24760DED00C1C2D1 /* Spinner.swift */,
			);
			path = Views;
			sourceTree = "<group>";
		};
		41A15CEF24761C3A00C1C2D1 /* Home */ = {
			isa = PBXGroup;
			children = (
				41A15CDA2475FF5000C1C2D1 /* Presentation */,
				41A15CD92475FF4B00C1C2D1 /* Domain */,
				41A15CD82475FF4500C1C2D1 /* Data */,
			);
			path = Home;
			sourceTree = "<group>";
		};
		41A15CF024761C4700C1C2D1 /* Detail */ = {
			isa = PBXGroup;
			children = (
				41FB8D0024762C1F00AFEB30 /* Presentation */,
				41FB8CFF24762C1900AFEB30 /* Domain */,
				41FB8CFE24762C1300AFEB30 /* Data */,
				41A15CF224761C9D00C1C2D1 /* DetailStoreWorker.swift */,
			);
			path = Detail;
			sourceTree = "<group>";
		};
		41C62A162475FA8B00E87EBD = {
			isa = PBXGroup;
			children = (
				41C62A212475FA8B00E87EBD /* Walmart-stores */,
				41C62A382475FA8C00E87EBD /* Walmart-storesTests */,
				41C62A202475FA8B00E87EBD /* Products */,
			);
			sourceTree = "<group>";
		};
		41C62A202475FA8B00E87EBD /* Products */ = {
			isa = PBXGroup;
			children = (
				41C62A1F2475FA8B00E87EBD /* Walmart-stores.app */,
				41C62A352475FA8C00E87EBD /* Walmart-storesTests.xctest */,
			);
			name = Products;
			sourceTree = "<group>";
		};
		41C62A212475FA8B00E87EBD /* Walmart-stores */ = {
			isa = PBXGroup;
			children = (
				41A15CC92475FEF500C1C2D1 /* Common */,
				41A15CC82475FEEB00C1C2D1 /* Scenes */,
				41C62A222475FA8B00E87EBD /* AppDelegate.swift */,
				41C62A242475FA8B00E87EBD /* SceneDelegate.swift */,
				41C62A2B2475FA8C00E87EBD /* Assets.xcassets */,
				41C62A2D2475FA8C00E87EBD /* LaunchScreen.storyboard */,
				41C62A302475FA8C00E87EBD /* Info.plist */,
			);
			path = "Walmart-stores";
			sourceTree = "<group>";
		};
		41C62A382475FA8C00E87EBD /* Walmart-storesTests */ = {
			isa = PBXGroup;
			children = (
				41C62A392475FA8C00E87EBD /* Walmart_storesTests.swift */,
				41C62A3B2475FA8C00E87EBD /* Info.plist */,
			);
			path = "Walmart-storesTests";
			sourceTree = "<group>";
		};
		41FB8CFE24762C1300AFEB30 /* Data */ = {
			isa = PBXGroup;
			children = (
			);
			path = Data;
			sourceTree = "<group>";
		};
		41FB8CFF24762C1900AFEB30 /* Domain */ = {
			isa = PBXGroup;
			children = (
				41A15CF124761C9D00C1C2D1 /* DetailStorePresenter.swift */,
				41A15CF624761C9D00C1C2D1 /* DetailStoreInteractor.swift */,
				41A15CF324761C9D00C1C2D1 /* DetailStoreUseCases.swift */,
			);
			path = Domain;
			sourceTree = "<group>";
		};
		41FB8D0024762C1F00AFEB30 /* Presentation */ = {
			isa = PBXGroup;
			children = (
				41A15CF424761C9D00C1C2D1 /* DetailStoreRouter.swift */,
				41A15CF524761C9D00C1C2D1 /* DetailStoreViewController.swift */,
				41A15CF724761C9D00C1C2D1 /* DetailStoreViewController.xib */,
			);
			path = Presentation;
			sourceTree = "<group>";
		};
/* End PBXGroup section */

/* Begin PBXNativeTarget section */
		41C62A1E2475FA8B00E87EBD /* Walmart-stores */ = {
			isa = PBXNativeTarget;
			buildConfigurationList = 41C62A3E2475FA8C00E87EBD /* Build configuration list for PBXNativeTarget "Walmart-stores" */;
			buildPhases = (
				41C62A1B2475FA8B00E87EBD /* Sources */,
				41C62A1C2475FA8B00E87EBD /* Frameworks */,
				41C62A1D2475FA8B00E87EBD /* Resources */,
			);
			buildRules = (
			);
			dependencies = (
			);
			name = "Walmart-stores";
			productName = "Walmart-stores";
			productReference = 41C62A1F2475FA8B00E87EBD /* Walmart-stores.app */;
			productType = "com.apple.product-type.application";
		};
		41C62A342475FA8C00E87EBD /* Walmart-storesTests */ = {
			isa = PBXNativeTarget;
			buildConfigurationList = 41C62A412475FA8C00E87EBD /* Build configuration list for PBXNativeTarget "Walmart-storesTests" */;
			buildPhases = (
				41C62A312475FA8C00E87EBD /* Sources */,
				41C62A322475FA8C00E87EBD /* Frameworks */,
				41C62A332475FA8C00E87EBD /* Resources */,
			);
			buildRules = (
			);
			dependencies = (
				41C62A372475FA8C00E87EBD /* PBXTargetDependency */,
			);
			name = "Walmart-storesTests";
			productName = "Walmart-storesTests";
			productReference = 41C62A352475FA8C00E87EBD /* Walmart-storesTests.xctest */;
			productType = "com.apple.product-type.bundle.unit-test";
		};
/* End PBXNativeTarget section */

/* Begin PBXProject section */
		41C62A172475FA8B00E87EBD /* Project object */ = {
			isa = PBXProject;
			attributes = {
				LastSwiftUpdateCheck = 1150;
				LastUpgradeCheck = 1150;
				ORGANIZATIONNAME = "Nivardo Ibarra";
				TargetAttributes = {
					41C62A1E2475FA8B00E87EBD = {
						CreatedOnToolsVersion = 11.5;
					};
					41C62A342475FA8C00E87EBD = {
						CreatedOnToolsVersion = 11.5;
						TestTargetID = 41C62A1E2475FA8B00E87EBD;
					};
				};
			};
			buildConfigurationList = 41C62A1A2475FA8B00E87EBD /* Build configuration list for PBXProject "Walmart-stores" */;
			compatibilityVersion = "Xcode 9.3";
			developmentRegion = en;
			hasScannedForEncodings = 0;
			knownRegions = (
				en,
				Base,
			);
			mainGroup = 41C62A162475FA8B00E87EBD;
			productRefGroup = 41C62A202475FA8B00E87EBD /* Products */;
			projectDirPath = "";
			projectRoot = "";
			targets = (
				41C62A1E2475FA8B00E87EBD /* Walmart-stores */,
				41C62A342475FA8C00E87EBD /* Walmart-storesTests */,
			);
		};
/* End PBXProject section */

/* Begin PBXResourcesBuildPhase section */
		41C62A1D2475FA8B00E87EBD /* Resources */ = {
			isa = PBXResourcesBuildPhase;
			buildActionMask = 2147483647;
			files = (
				41C62A2F2475FA8C00E87EBD /* LaunchScreen.storyboard in Resources */,
				41C62A2C2475FA8C00E87EBD /* Assets.xcassets in Resources */,
				41A15CD72475FF3700C1C2D1 /* HomeViewController.xib in Resources */,
				41A15CE9247607BF00C1C2D1 /* StoreCell.xib in Resources */,
				41A15CFE24761C9D00C1C2D1 /* DetailStoreViewController.xib in Resources */,
			);
			runOnlyForDeploymentPostprocessing = 0;
		};
		41C62A332475FA8C00E87EBD /* Resources */ = {
			isa = PBXResourcesBuildPhase;
			buildActionMask = 2147483647;
			files = (
			);
			runOnlyForDeploymentPostprocessing = 0;
		};
/* End PBXResourcesBuildPhase section */

/* Begin PBXSourcesBuildPhase section */
		41C62A1B2475FA8B00E87EBD /* Sources */ = {
			isa = PBXSourcesBuildPhase;
			buildActionMask = 2147483647;
			files = (
				41A15CE0247602AD00C1C2D1 /* Store.swift in Sources */,
				41A15CD12475FF3700C1C2D1 /* HomePresenter.swift in Sources */,
				41A15CD42475FF3700C1C2D1 /* HomeRouter.swift in Sources */,
				41A15CEE24760DED00C1C2D1 /* Spinner.swift in Sources */,
				41A15CEB24760C8A00C1C2D1 /* NetworkManager.swift in Sources */,
				41A15CFA24761C9D00C1C2D1 /* DetailStoreUseCases.swift in Sources */,
				41A15CD32475FF3700C1C2D1 /* HomeUseCases.swift in Sources */,
				41A15CD62475FF3700C1C2D1 /* HomeInteractor.swift in Sources */,
				41A15CDE2476026E00C1C2D1 /* Response.swift in Sources */,
				41A15CE22476068C00C1C2D1 /* HomeViewController+TableView.swift in Sources */,
				41C62A232475FA8B00E87EBD /* AppDelegate.swift in Sources */,
				41A15CD22475FF3700C1C2D1 /* HomeWorker.swift in Sources */,
				41A15CF824761C9D00C1C2D1 /* DetailStorePresenter.swift in Sources */,
				41A15CFD24761C9D00C1C2D1 /* DetailStoreInteractor.swift in Sources */,
				41A15CF924761C9D00C1C2D1 /* DetailStoreWorker.swift in Sources */,
				41A15CD52475FF3700C1C2D1 /* HomeViewController.swift in Sources */,
				41A15CFB24761C9D00C1C2D1 /* DetailStoreRouter.swift in Sources */,
				41C62A252475FA8B00E87EBD /* SceneDelegate.swift in Sources */,
				41A15CFC24761C9D00C1C2D1 /* DetailStoreViewController.swift in Sources */,
				41A15CE8247607BF00C1C2D1 /* StoreCell.swift in Sources */,
			);
			runOnlyForDeploymentPostprocessing = 0;
		};
		41C62A312475FA8C00E87EBD /* Sources */ = {
			isa = PBXSourcesBuildPhase;
			buildActionMask = 2147483647;
			files = (
				41C62A3A2475FA8C00E87EBD /* Walmart_storesTests.swift in Sources */,
			);
			runOnlyForDeploymentPostprocessing = 0;
		};
/* End PBXSourcesBuildPhase section */

/* Begin PBXTargetDependency section */
		41C62A372475FA8C00E87EBD /* PBXTargetDependency */ = {
			isa = PBXTargetDependency;
			target = 41C62A1E2475FA8B00E87EBD /* Walmart-stores */;
			targetProxy = 41C62A362475FA8C00E87EBD /* PBXContainerItemProxy */;
		};
/* End PBXTargetDependency section */

/* Begin PBXVariantGroup section */
		41C62A2D2475FA8C00E87EBD /* LaunchScreen.storyboard */ = {
			isa = PBXVariantGroup;
			children = (
				41C62A2E2475FA8C00E87EBD /* Base */,
			);
			name = LaunchScreen.storyboard;
			sourceTree = "<group>";
		};
/* End PBXVariantGroup section */

/* Begin XCBuildConfiguration section */
		41C62A3C2475FA8C00E87EBD /* Debug */ = {
			isa = XCBuildConfiguration;
			buildSettings = {
				ALWAYS_SEARCH_USER_PATHS = NO;
				CLANG_ANALYZER_NONNULL = YES;
				CLANG_ANALYZER_NUMBER_OBJECT_CONVERSION = YES_AGGRESSIVE;
				CLANG_CXX_LANGUAGE_STANDARD = "gnu++14";
				CLANG_CXX_LIBRARY = "libc++";
				CLANG_ENABLE_MODULES = YES;
				CLANG_ENABLE_OBJC_ARC = YES;
				CLANG_ENABLE_OBJC_WEAK = YES;
				CLANG_WARN_BLOCK_CAPTURE_AUTORELEASING = YES;
				CLANG_WARN_BOOL_CONVERSION = YES;
				CLANG_WARN_COMMA = YES;
				CLANG_WARN_CONSTANT_CONVERSION = YES;
				CLANG_WARN_DEPRECATED_OBJC_IMPLEMENTATIONS = YES;
				CLANG_WARN_DIRECT_OBJC_ISA_USAGE = YES_ERROR;
				CLANG_WARN_DOCUMENTATION_COMMENTS = YES;
				CLANG_WARN_EMPTY_BODY = YES;
				CLANG_WARN_ENUM_CONVERSION = YES;
				CLANG_WARN_INFINITE_RECURSION = YES;
				CLANG_WARN_INT_CONVERSION = YES;
				CLANG_WARN_NON_LITERAL_NULL_CONVERSION = YES;
				CLANG_WARN_OBJC_IMPLICIT_RETAIN_SELF = YES;
				CLANG_WARN_OBJC_LITERAL_CONVERSION = YES;
				CLANG_WARN_OBJC_ROOT_CLASS = YES_ERROR;
				CLANG_WARN_RANGE_LOOP_ANALYSIS = YES;
				CLANG_WARN_STRICT_PROTOTYPES = YES;
				CLANG_WARN_SUSPICIOUS_MOVE = YES;
				CLANG_WARN_UNGUARDED_AVAILABILITY = YES_AGGRESSIVE;
				CLANG_WARN_UNREACHABLE_CODE = YES;
				CLANG_WARN__DUPLICATE_METHOD_MATCH = YES;
				COPY_PHASE_STRIP = NO;
				DEBUG_INFORMATION_FORMAT = dwarf;
				ENABLE_STRICT_OBJC_MSGSEND = YES;
				ENABLE_TESTABILITY = YES;
				GCC_C_LANGUAGE_STANDARD = gnu11;
				GCC_DYNAMIC_NO_PIC = NO;
				GCC_NO_COMMON_BLOCKS = YES;
				GCC_OPTIMIZATION_LEVEL = 0;
				GCC_PREPROCESSOR_DEFINITIONS = (
					"DEBUG=1",
					"$(inherited)",
				);
				GCC_WARN_64_TO_32_BIT_CONVERSION = YES;
				GCC_WARN_ABOUT_RETURN_TYPE = YES_ERROR;
				GCC_WARN_UNDECLARED_SELECTOR = YES;
				GCC_WARN_UNINITIALIZED_AUTOS = YES_AGGRESSIVE;
				GCC_WARN_UNUSED_FUNCTION = YES;
				GCC_WARN_UNUSED_VARIABLE = YES;
				IPHONEOS_DEPLOYMENT_TARGET = 13.5;
				MTL_ENABLE_DEBUG_INFO = INCLUDE_SOURCE;
				MTL_FAST_MATH = YES;
				ONLY_ACTIVE_ARCH = YES;
				SDKROOT = iphoneos;
				SWIFT_ACTIVE_COMPILATION_CONDITIONS = DEBUG;
				SWIFT_OPTIMIZATION_LEVEL = "-Onone";
			};
			name = Debug;
		};
		41C62A3D2475FA8C00E87EBD /* Release */ = {
			isa = XCBuildConfiguration;
			buildSettings = {
				ALWAYS_SEARCH_USER_PATHS = NO;
				CLANG_ANALYZER_NONNULL = YES;
				CLANG_ANALYZER_NUMBER_OBJECT_CONVERSION = YES_AGGRESSIVE;
				CLANG_CXX_LANGUAGE_STANDARD = "gnu++14";
				CLANG_CXX_LIBRARY = "libc++";
				CLANG_ENABLE_MODULES = YES;
				CLANG_ENABLE_OBJC_ARC = YES;
				CLANG_ENABLE_OBJC_WEAK = YES;
				CLANG_WARN_BLOCK_CAPTURE_AUTORELEASING = YES;
				CLANG_WARN_BOOL_CONVERSION = YES;
				CLANG_WARN_COMMA = YES;
				CLANG_WARN_CONSTANT_CONVERSION = YES;
				CLANG_WARN_DEPRECATED_OBJC_IMPLEMENTATIONS = YES;
				CLANG_WARN_DIRECT_OBJC_ISA_USAGE = YES_ERROR;
				CLANG_WARN_DOCUMENTATION_COMMENTS = YES;
				CLANG_WARN_EMPTY_BODY = YES;
				CLANG_WARN_ENUM_CONVERSION = YES;
				CLANG_WARN_INFINITE_RECURSION = YES;
				CLANG_WARN_INT_CONVERSION = YES;
				CLANG_WARN_NON_LITERAL_NULL_CONVERSION = YES;
				CLANG_WARN_OBJC_IMPLICIT_RETAIN_SELF = YES;
				CLANG_WARN_OBJC_LITERAL_CONVERSION = YES;
				CLANG_WARN_OBJC_ROOT_CLASS = YES_ERROR;
				CLANG_WARN_RANGE_LOOP_ANALYSIS = YES;
				CLANG_WARN_STRICT_PROTOTYPES = YES;
				CLANG_WARN_SUSPICIOUS_MOVE = YES;
				CLANG_WARN_UNGUARDED_AVAILABILITY = YES_AGGRESSIVE;
				CLANG_WARN_UNREACHABLE_CODE = YES;
				CLANG_WARN__DUPLICATE_METHOD_MATCH = YES;
				COPY_PHASE_STRIP = NO;
				DEBUG_INFORMATION_FORMAT = "dwarf-with-dsym";
				ENABLE_NS_ASSERTIONS = NO;
				ENABLE_STRICT_OBJC_MSGSEND = YES;
				GCC_C_LANGUAGE_STANDARD = gnu11;
				GCC_NO_COMMON_BLOCKS = YES;
				GCC_WARN_64_TO_32_BIT_CONVERSION = YES;
				GCC_WARN_ABOUT_RETURN_TYPE = YES_ERROR;
				GCC_WARN_UNDECLARED_SELECTOR = YES;
				GCC_WARN_UNINITIALIZED_AUTOS = YES_AGGRESSIVE;
				GCC_WARN_UNUSED_FUNCTION = YES;
				GCC_WARN_UNUSED_VARIABLE = YES;
				IPHONEOS_DEPLOYMENT_TARGET = 13.5;
				MTL_ENABLE_DEBUG_INFO = NO;
				MTL_FAST_MATH = YES;
				SDKROOT = iphoneos;
				SWIFT_COMPILATION_MODE = wholemodule;
				SWIFT_OPTIMIZATION_LEVEL = "-O";
				VALIDATE_PRODUCT = YES;
			};
			name = Release;
		};
		41C62A3F2475FA8C00E87EBD /* Debug */ = {
			isa = XCBuildConfiguration;
			buildSettings = {
				ASSETCATALOG_COMPILER_APPICON_NAME = AppIcon;
				CODE_SIGN_STYLE = Automatic;
				DEVELOPMENT_TEAM = 2FYVM8W5U8;
				INFOPLIST_FILE = "Walmart-stores/Info.plist";
				LD_RUNPATH_SEARCH_PATHS = (
					"$(inherited)",
					"@executable_path/Frameworks",
				);
				PRODUCT_BUNDLE_IDENTIFIER = "com.nivardoibarra.Walmart-stores";
				PRODUCT_NAME = "$(TARGET_NAME)";
				SWIFT_VERSION = 5.0;
				TARGETED_DEVICE_FAMILY = "1,2";
			};
			name = Debug;
		};
		41C62A402475FA8C00E87EBD /* Release */ = {
			isa = XCBuildConfiguration;
			buildSettings = {
				ASSETCATALOG_COMPILER_APPICON_NAME = AppIcon;
				CODE_SIGN_STYLE = Automatic;
				DEVELOPMENT_TEAM = 2FYVM8W5U8;
				INFOPLIST_FILE = "Walmart-stores/Info.plist";
				LD_RUNPATH_SEARCH_PATHS = (
					"$(inherited)",
					"@executable_path/Frameworks",
				);
				PRODUCT_BUNDLE_IDENTIFIER = "com.nivardoibarra.Walmart-stores";
				PRODUCT_NAME = "$(TARGET_NAME)";
				SWIFT_VERSION = 5.0;
				TARGETED_DEVICE_FAMILY = "1,2";
			};
			name = Release;
		};
		41C62A422475FA8C00E87EBD /* Debug */ = {
			isa = XCBuildConfiguration;
			buildSettings = {
				ALWAYS_EMBED_SWIFT_STANDARD_LIBRARIES = YES;
				BUNDLE_LOADER = "$(TEST_HOST)";
				CODE_SIGN_STYLE = Automatic;
				DEVELOPMENT_TEAM = 2FYVM8W5U8;
				INFOPLIST_FILE = "Walmart-storesTests/Info.plist";
				IPHONEOS_DEPLOYMENT_TARGET = 13.5;
				LD_RUNPATH_SEARCH_PATHS = (
					"$(inherited)",
					"@executable_path/Frameworks",
					"@loader_path/Frameworks",
				);
				PRODUCT_BUNDLE_IDENTIFIER = "com.nivardoibarra.Walmart-storesTests";
				PRODUCT_NAME = "$(TARGET_NAME)";
				SWIFT_VERSION = 5.0;
				TARGETED_DEVICE_FAMILY = "1,2";
				TEST_HOST = "$(BUILT_PRODUCTS_DIR)/Walmart-stores.app/Walmart-stores";
			};
			name = Debug;
		};
		41C62A432475FA8C00E87EBD /* Release */ = {
			isa = XCBuildConfiguration;
			buildSettings = {
				ALWAYS_EMBED_SWIFT_STANDARD_LIBRARIES = YES;
				BUNDLE_LOADER = "$(TEST_HOST)";
				CODE_SIGN_STYLE = Automatic;
				DEVELOPMENT_TEAM = 2FYVM8W5U8;
				INFOPLIST_FILE = "Walmart-storesTests/Info.plist";
				IPHONEOS_DEPLOYMENT_TARGET = 13.5;
				LD_RUNPATH_SEARCH_PATHS = (
					"$(inherited)",
					"@executable_path/Frameworks",
					"@loader_path/Frameworks",
				);
				PRODUCT_BUNDLE_IDENTIFIER = "com.nivardoibarra.Walmart-storesTests";
				PRODUCT_NAME = "$(TARGET_NAME)";
				SWIFT_VERSION = 5.0;
				TARGETED_DEVICE_FAMILY = "1,2";
				TEST_HOST = "$(BUILT_PRODUCTS_DIR)/Walmart-stores.app/Walmart-stores";
			};
			name = Release;
		};
/* End XCBuildConfiguration section */

/* Begin XCConfigurationList section */
		41C62A1A2475FA8B00E87EBD /* Build configuration list for PBXProject "Walmart-stores" */ = {
			isa = XCConfigurationList;
			buildConfigurations = (
				41C62A3C2475FA8C00E87EBD /* Debug */,
				41C62A3D2475FA8C00E87EBD /* Release */,
			);
			defaultConfigurationIsVisible = 0;
			defaultConfigurationName = Release;
		};
		41C62A3E2475FA8C00E87EBD /* Build configuration list for PBXNativeTarget "Walmart-stores" */ = {
			isa = XCConfigurationList;
			buildConfigurations = (
				41C62A3F2475FA8C00E87EBD /* Debug */,
				41C62A402475FA8C00E87EBD /* Release */,
			);
			defaultConfigurationIsVisible = 0;
			defaultConfigurationName = Release;
		};
		41C62A412475FA8C00E87EBD /* Build configuration list for PBXNativeTarget "Walmart-storesTests" */ = {
			isa = XCConfigurationList;
			buildConfigurations = (
				41C62A422475FA8C00E87EBD /* Debug */,
				41C62A432475FA8C00E87EBD /* Release */,
			);
			defaultConfigurationIsVisible = 0;
			defaultConfigurationName = Release;
		};
/* End XCConfigurationList section */
	};
	rootObject = 41C62A172475FA8B00E87EBD /* Project object */;
}
